
Microsoft Visual Studio Solution File, Format Version 12.00
# Visual Studio Version 17
VisualStudioVersion = 17.8.34330.188
MinimumVisualStudioVersion = 10.0.40219.1
Project("{FAE04EC0-301F-11D3-BF4B-00C04F79EFBC}") = "Heroes VS Monsters du Turfu", "Heroes VS Monsters du Turfu.csproj", "{459DAE25-232C-4417-870E-04C32862F913}"
EndProject
Global
	GlobalSection(SolutionConfigurationPlatforms) = preSolution
		Debug|Any CPU = Debug|Any CPU
		Release|Any CPU = Release|Any CPU
	EndGlobalSection
	GlobalSection(ProjectConfigurationPlatforms) = postSolution
		{459DAE25-232C-4417-870E-04C32862F913}.Debug|Any CPU.ActiveCfg = Debug|Any CPU
		{459DAE25-232C-4417-870E-04C32862F913}.Debug|Any CPU.Build.0 = Debug|Any CPU
		{459DAE25-232C-4417-870E-04C32862F913}.Release|Any CPU.ActiveCfg = Release|Any CPU
		{459DAE25-232C-4417-870E-04C32862F913}.Release|Any CPU.Build.0 = Release|Any CPU
	EndGlobalSection
	GlobalSection(SolutionProperties) = preSolution
		HideSolutionNode = FALSE
	EndGlobalSection
	GlobalSection(ExtensibilityGlobals) = postSolution
		SolutionGuid = {407F682F-21B2-4163-8E25-EA51ED228410}
	EndGlobalSection
EndGlobal
